// !$*UTF8*$!
{
	archiveVersion = 1;
	classes = {
	};
	objectVersion = 54;
	objects = {

/* Begin PBXBuildFile section */
		373D983E1E4AC09F004EDB9B /* Model.swift in Sources */ = {isa = PBXBuildFile; fileRef = 373D983D1E4AC09F004EDB9B /* Model.swift */; };
		96326E061DC8684700C7D900 /* AppDelegate.swift in Sources */ = {isa = PBXBuildFile; fileRef = 96326E051DC8684700C7D900 /* AppDelegate.swift */; };
		96326E081DC8684700C7D900 /* ViewController.swift in Sources */ = {isa = PBXBuildFile; fileRef = 96326E071DC8684700C7D900 /* ViewController.swift */; };
		96326E0B1DC8684700C7D900 /* Main.storyboard in Resources */ = {isa = PBXBuildFile; fileRef = 96326E091DC8684700C7D900 /* Main.storyboard */; };
		96326E0D1DC8684700C7D900 /* Assets.xcassets in Resources */ = {isa = PBXBuildFile; fileRef = 96326E0C1DC8684700C7D900 /* Assets.xcassets */; };
		96326E101DC8684700C7D900 /* LaunchScreen.storyboard in Resources */ = {isa = PBXBuildFile; fileRef = 96326E0E1DC8684700C7D900 /* LaunchScreen.storyboard */; };
		96326E1B1DC8684700C7D900 /* JsonConverterTestTests.swift in Sources */ = {isa = PBXBuildFile; fileRef = 96326E1A1DC8684700C7D900 /* JsonConverterTestTests.swift */; };
		96326E261DC8684700C7D900 /* JsonConverterTestUITests.swift in Sources */ = {isa = PBXBuildFile; fileRef = 96326E251DC8684700C7D900 /* JsonConverterTestUITests.swift */; };
		963CE0F21DCE673000DE1C31 /* JsonArray.swift in Sources */ = {isa = PBXBuildFile; fileRef = 963CE0F01DCE673000DE1C31 /* JsonArray.swift */; };
		963CE0F31DCE673000DE1C31 /* JsonDictionary.swift in Sources */ = {isa = PBXBuildFile; fileRef = 963CE0F11DCE673000DE1C31 /* JsonDictionary.swift */; };
		963CE1051DCE682000DE1C31 /* PropertyConverters.swift in Sources */ = {isa = PBXBuildFile; fileRef = 963CE1021DCE682000DE1C31 /* PropertyConverters.swift */; };
		963CE1061DCE682000DE1C31 /* PropertyMapping.swift in Sources */ = {isa = PBXBuildFile; fileRef = 963CE1031DCE682000DE1C31 /* PropertyMapping.swift */; };
		963CE1071DCE682000DE1C31 /* Utilities.swift in Sources */ = {isa = PBXBuildFile; fileRef = 963CE1041DCE682000DE1C31 /* Utilities.swift */; };
		963CE10B1DCE685600DE1C31 /* JsonDeserializeable.swift in Sources */ = {isa = PBXBuildFile; fileRef = 963CE1091DCE685600DE1C31 /* JsonDeserializeable.swift */; };
		963CE10C1DCE685600DE1C31 /* JsonSerializeable.swift in Sources */ = {isa = PBXBuildFile; fileRef = 963CE10A1DCE685600DE1C31 /* JsonSerializeable.swift */; };
		963CE10E1DCE686400DE1C31 /* ArrayType.swift in Sources */ = {isa = PBXBuildFile; fileRef = 963CE10D1DCE686400DE1C31 /* ArrayType.swift */; };
		964B9C5E2ABD57870007125C /* SourceCommandEnum.swift in Sources */ = {isa = PBXBuildFile; fileRef = 964B9C5D2ABD57870007125C /* SourceCommandEnum.swift */; };
		964EE1D02ABD673D00CB7357 /* OptionalAnyExtension.swift in Sources */ = {isa = PBXBuildFile; fileRef = 9651F7181EFEDA0300269ADE /* OptionalAnyExtension.swift */; };
		964EE1D22ABD674B00CB7357 /* OptionalAnyExtension.swift in Sources */ = {isa = PBXBuildFile; fileRef = 9651F7181EFEDA0300269ADE /* OptionalAnyExtension.swift */; };
		9651F7191EFEDA0300269ADE /* OptionalAnyExtension.swift in Sources */ = {isa = PBXBuildFile; fileRef = 9651F7181EFEDA0300269ADE /* OptionalAnyExtension.swift */; };
		9692516C201DB6F9000173AE /* StringExtension.swift in Sources */ = {isa = PBXBuildFile; fileRef = 9692516B201DB6F9000173AE /* StringExtension.swift */; };
		9692516D201DB6F9000173AE /* StringExtension.swift in Sources */ = {isa = PBXBuildFile; fileRef = 9692516B201DB6F9000173AE /* StringExtension.swift */; };
		9692516E201DB742000173AE /* JsonDictionary.swift in Sources */ = {isa = PBXBuildFile; fileRef = 963CE0F11DCE673000DE1C31 /* JsonDictionary.swift */; };
		9692516F201DB75B000173AE /* JsonDeserializeable.swift in Sources */ = {isa = PBXBuildFile; fileRef = 963CE1091DCE685600DE1C31 /* JsonDeserializeable.swift */; };
		96925170201DB781000173AE /* JsonSerializeable.swift in Sources */ = {isa = PBXBuildFile; fileRef = 963CE10A1DCE685600DE1C31 /* JsonSerializeable.swift */; };
		96925171201DB78F000173AE /* PropertyConverters.swift in Sources */ = {isa = PBXBuildFile; fileRef = 963CE1021DCE682000DE1C31 /* PropertyConverters.swift */; };
		96925172201DB798000173AE /* PropertyMapping.swift in Sources */ = {isa = PBXBuildFile; fileRef = 963CE1031DCE682000DE1C31 /* PropertyMapping.swift */; };
		96925173201DB7A2000173AE /* ArrayType.swift in Sources */ = {isa = PBXBuildFile; fileRef = 963CE10D1DCE686400DE1C31 /* ArrayType.swift */; };
		96925174201DB7B3000173AE /* JsonArray.swift in Sources */ = {isa = PBXBuildFile; fileRef = 963CE0F01DCE673000DE1C31 /* JsonArray.swift */; };
		96925175201DB7BE000173AE /* Utilities.swift in Sources */ = {isa = PBXBuildFile; fileRef = 963CE1041DCE682000DE1C31 /* Utilities.swift */; };
		96925176201DC1EF000173AE /* StringExtension.swift in Sources */ = {isa = PBXBuildFile; fileRef = 9692516B201DB6F9000173AE /* StringExtension.swift */; };
		96925177201DC1FD000173AE /* JsonDictionary.swift in Sources */ = {isa = PBXBuildFile; fileRef = 963CE0F11DCE673000DE1C31 /* JsonDictionary.swift */; };
		96925178201DC21C000173AE /* JsonDeserializeable.swift in Sources */ = {isa = PBXBuildFile; fileRef = 963CE1091DCE685600DE1C31 /* JsonDeserializeable.swift */; };
		96925179201DC223000173AE /* JsonSerializeable.swift in Sources */ = {isa = PBXBuildFile; fileRef = 963CE10A1DCE685600DE1C31 /* JsonSerializeable.swift */; };
		9692517A201DC229000173AE /* JsonArray.swift in Sources */ = {isa = PBXBuildFile; fileRef = 963CE0F01DCE673000DE1C31 /* JsonArray.swift */; };
		9692517B201DC22D000173AE /* ArrayType.swift in Sources */ = {isa = PBXBuildFile; fileRef = 963CE10D1DCE686400DE1C31 /* ArrayType.swift */; };
		9692517C201DC23F000173AE /* PropertyConverters.swift in Sources */ = {isa = PBXBuildFile; fileRef = 963CE1021DCE682000DE1C31 /* PropertyConverters.swift */; };
		9692517D201DC246000173AE /* PropertyMapping.swift in Sources */ = {isa = PBXBuildFile; fileRef = 963CE1031DCE682000DE1C31 /* PropertyMapping.swift */; };
		9692517E201DC257000173AE /* Utilities.swift in Sources */ = {isa = PBXBuildFile; fileRef = 963CE1041DCE682000DE1C31 /* Utilities.swift */; };
		96E7FB6325F5CC9C005B79CD /* XcodeKit.framework in Frameworks */ = {isa = PBXBuildFile; fileRef = 96E7FB6225F5CC9C005B79CD /* XcodeKit.framework */; };
		96E7FB6425F5CC9C005B79CD /* XcodeKit.framework in Embed Frameworks */ = {isa = PBXBuildFile; fileRef = 96E7FB6225F5CC9C005B79CD /* XcodeKit.framework */; settings = {ATTRIBUTES = (CodeSignOnCopy, RemoveHeadersOnCopy, ); }; };
		96EFCC72200B30E0000FF553 /* AppDelegate.swift in Sources */ = {isa = PBXBuildFile; fileRef = 96EFCC71200B30E0000FF553 /* AppDelegate.swift */; };
		96EFCC74200B30E0000FF553 /* ViewController.swift in Sources */ = {isa = PBXBuildFile; fileRef = 96EFCC73200B30E0000FF553 /* ViewController.swift */; };
		96EFCC76200B30E0000FF553 /* Assets.xcassets in Resources */ = {isa = PBXBuildFile; fileRef = 96EFCC75200B30E0000FF553 /* Assets.xcassets */; };
		96EFCC79200B30E0000FF553 /* Main.storyboard in Resources */ = {isa = PBXBuildFile; fileRef = 96EFCC77200B30E0000FF553 /* Main.storyboard */; };
		96EFCC85200B30E0000FF553 /* macOSJsonConverterTests.swift in Sources */ = {isa = PBXBuildFile; fileRef = 96EFCC84200B30E0000FF553 /* macOSJsonConverterTests.swift */; };
		96EFCC90200B30E0000FF553 /* macOSJsonConverterUITests.swift in Sources */ = {isa = PBXBuildFile; fileRef = 96EFCC8F200B30E0000FF553 /* macOSJsonConverterUITests.swift */; };
		96EFCCA0200B30FF000FF553 /* Cocoa.framework in Frameworks */ = {isa = PBXBuildFile; fileRef = 96EFCC5F200B308E000FF553 /* Cocoa.framework */; };
		96EFCCA3200B30FF000FF553 /* SourceEditorExtension.swift in Sources */ = {isa = PBXBuildFile; fileRef = 96EFCCA2200B30FF000FF553 /* SourceEditorExtension.swift */; };
		96EFCCA5200B30FF000FF553 /* SourceEditorCommand.swift in Sources */ = {isa = PBXBuildFile; fileRef = 96EFCCA4200B30FF000FF553 /* SourceEditorCommand.swift */; };
		96EFCCAA200B30FF000FF553 /* JsonConverterExtesnion.appex in Embed Foundation Extensions */ = {isa = PBXBuildFile; fileRef = 96EFCC9F200B30FF000FF553 /* JsonConverterExtesnion.appex */; settings = {ATTRIBUTES = (RemoveHeadersOnCopy, ); }; };
/* End PBXBuildFile section */

/* Begin PBXContainerItemProxy section */
		96326E171DC8684700C7D900 /* PBXContainerItemProxy */ = {
			isa = PBXContainerItemProxy;
			containerPortal = 96326DFA1DC8684700C7D900 /* Project object */;
			proxyType = 1;
			remoteGlobalIDString = 96326E011DC8684700C7D900;
			remoteInfo = JsonConverterTest;
		};
		96326E221DC8684700C7D900 /* PBXContainerItemProxy */ = {
			isa = PBXContainerItemProxy;
			containerPortal = 96326DFA1DC8684700C7D900 /* Project object */;
			proxyType = 1;
			remoteGlobalIDString = 96326E011DC8684700C7D900;
			remoteInfo = JsonConverterTest;
		};
		96EFCC81200B30E0000FF553 /* PBXContainerItemProxy */ = {
			isa = PBXContainerItemProxy;
			containerPortal = 96326DFA1DC8684700C7D900 /* Project object */;
			proxyType = 1;
			remoteGlobalIDString = 96EFCC6E200B30E0000FF553;
			remoteInfo = macOSJsonConverter;
		};
		96EFCC8C200B30E0000FF553 /* PBXContainerItemProxy */ = {
			isa = PBXContainerItemProxy;
			containerPortal = 96326DFA1DC8684700C7D900 /* Project object */;
			proxyType = 1;
			remoteGlobalIDString = 96EFCC6E200B30E0000FF553;
			remoteInfo = macOSJsonConverter;
		};
		96EFCCA8200B30FF000FF553 /* PBXContainerItemProxy */ = {
			isa = PBXContainerItemProxy;
			containerPortal = 96326DFA1DC8684700C7D900 /* Project object */;
			proxyType = 1;
			remoteGlobalIDString = 96EFCC9E200B30FF000FF553;
			remoteInfo = JsonConvereterExtesnion;
		};
/* End PBXContainerItemProxy section */

/* Begin PBXCopyFilesBuildPhase section */
		96E7FB6525F5CC9C005B79CD /* Embed Frameworks */ = {
			isa = PBXCopyFilesBuildPhase;
			buildActionMask = 2147483647;
			dstPath = "";
			dstSubfolderSpec = 10;
			files = (
				96E7FB6425F5CC9C005B79CD /* XcodeKit.framework in Embed Frameworks */,
			);
			name = "Embed Frameworks";
			runOnlyForDeploymentPostprocessing = 0;
		};
		96EFCCAE200B30FF000FF553 /* Embed Foundation Extensions */ = {
			isa = PBXCopyFilesBuildPhase;
			buildActionMask = 2147483647;
			dstPath = "";
			dstSubfolderSpec = 13;
			files = (
				96EFCCAA200B30FF000FF553 /* JsonConverterExtesnion.appex in Embed Foundation Extensions */,
			);
			name = "Embed Foundation Extensions";
			runOnlyForDeploymentPostprocessing = 0;
		};
/* End PBXCopyFilesBuildPhase section */

/* Begin PBXFileReference section */
		373D983D1E4AC09F004EDB9B /* Model.swift */ = {isa = PBXFileReference; fileEncoding = 4; lastKnownFileType = sourcecode.swift; path = Model.swift; sourceTree = "<group>"; };
		96326E021DC8684700C7D900 /* JsonConverterTest.app */ = {isa = PBXFileReference; explicitFileType = wrapper.application; includeInIndex = 0; path = JsonConverterTest.app; sourceTree = BUILT_PRODUCTS_DIR; };
		96326E051DC8684700C7D900 /* AppDelegate.swift */ = {isa = PBXFileReference; lastKnownFileType = sourcecode.swift; path = AppDelegate.swift; sourceTree = "<group>"; };
		96326E071DC8684700C7D900 /* ViewController.swift */ = {isa = PBXFileReference; lastKnownFileType = sourcecode.swift; path = ViewController.swift; sourceTree = "<group>"; };
		96326E0A1DC8684700C7D900 /* Base */ = {isa = PBXFileReference; lastKnownFileType = file.storyboard; name = Base; path = Base.lproj/Main.storyboard; sourceTree = "<group>"; };
		96326E0C1DC8684700C7D900 /* Assets.xcassets */ = {isa = PBXFileReference; lastKnownFileType = folder.assetcatalog; path = Assets.xcassets; sourceTree = "<group>"; };
		96326E0F1DC8684700C7D900 /* Base */ = {isa = PBXFileReference; lastKnownFileType = file.storyboard; name = Base; path = Base.lproj/LaunchScreen.storyboard; sourceTree = "<group>"; };
		96326E111DC8684700C7D900 /* Info.plist */ = {isa = PBXFileReference; lastKnownFileType = text.plist.xml; path = Info.plist; sourceTree = "<group>"; };
		96326E161DC8684700C7D900 /* JsonConverterTestTests.xctest */ = {isa = PBXFileReference; explicitFileType = wrapper.cfbundle; includeInIndex = 0; path = JsonConverterTestTests.xctest; sourceTree = BUILT_PRODUCTS_DIR; };
		96326E1A1DC8684700C7D900 /* JsonConverterTestTests.swift */ = {isa = PBXFileReference; lastKnownFileType = sourcecode.swift; path = JsonConverterTestTests.swift; sourceTree = "<group>"; };
		96326E1C1DC8684700C7D900 /* Info.plist */ = {isa = PBXFileReference; lastKnownFileType = text.plist.xml; path = Info.plist; sourceTree = "<group>"; };
		96326E211DC8684700C7D900 /* JsonConverterTestUITests.xctest */ = {isa = PBXFileReference; explicitFileType = wrapper.cfbundle; includeInIndex = 0; path = JsonConverterTestUITests.xctest; sourceTree = BUILT_PRODUCTS_DIR; };
		96326E251DC8684700C7D900 /* JsonConverterTestUITests.swift */ = {isa = PBXFileReference; lastKnownFileType = sourcecode.swift; path = JsonConverterTestUITests.swift; sourceTree = "<group>"; };
		96326E271DC8684700C7D900 /* Info.plist */ = {isa = PBXFileReference; lastKnownFileType = text.plist.xml; path = Info.plist; sourceTree = "<group>"; };
		963CE0F01DCE673000DE1C31 /* JsonArray.swift */ = {isa = PBXFileReference; fileEncoding = 4; lastKnownFileType = sourcecode.swift; path = JsonArray.swift; sourceTree = "<group>"; };
		963CE0F11DCE673000DE1C31 /* JsonDictionary.swift */ = {isa = PBXFileReference; fileEncoding = 4; lastKnownFileType = sourcecode.swift; path = JsonDictionary.swift; sourceTree = "<group>"; };
		963CE1021DCE682000DE1C31 /* PropertyConverters.swift */ = {isa = PBXFileReference; fileEncoding = 4; lastKnownFileType = sourcecode.swift; path = PropertyConverters.swift; sourceTree = "<group>"; };
		963CE1031DCE682000DE1C31 /* PropertyMapping.swift */ = {isa = PBXFileReference; fileEncoding = 4; lastKnownFileType = sourcecode.swift; path = PropertyMapping.swift; sourceTree = "<group>"; };
		963CE1041DCE682000DE1C31 /* Utilities.swift */ = {isa = PBXFileReference; fileEncoding = 4; lastKnownFileType = sourcecode.swift; path = Utilities.swift; sourceTree = "<group>"; };
		963CE1091DCE685600DE1C31 /* JsonDeserializeable.swift */ = {isa = PBXFileReference; fileEncoding = 4; lastKnownFileType = sourcecode.swift; path = JsonDeserializeable.swift; sourceTree = "<group>"; };
		963CE10A1DCE685600DE1C31 /* JsonSerializeable.swift */ = {isa = PBXFileReference; fileEncoding = 4; lastKnownFileType = sourcecode.swift; path = JsonSerializeable.swift; sourceTree = "<group>"; };
		963CE10D1DCE686400DE1C31 /* ArrayType.swift */ = {isa = PBXFileReference; fileEncoding = 4; lastKnownFileType = sourcecode.swift; path = ArrayType.swift; sourceTree = "<group>"; };
		964B9C5D2ABD57870007125C /* SourceCommandEnum.swift */ = {isa = PBXFileReference; lastKnownFileType = sourcecode.swift; path = SourceCommandEnum.swift; sourceTree = "<group>"; };
		9651F7181EFEDA0300269ADE /* OptionalAnyExtension.swift */ = {isa = PBXFileReference; fileEncoding = 4; lastKnownFileType = sourcecode.swift; path = OptionalAnyExtension.swift; sourceTree = "<group>"; };
		9692516B201DB6F9000173AE /* StringExtension.swift */ = {isa = PBXFileReference; lastKnownFileType = sourcecode.swift; path = StringExtension.swift; sourceTree = "<group>"; };
		96E7FB6225F5CC9C005B79CD /* XcodeKit.framework */ = {isa = PBXFileReference; lastKnownFileType = wrapper.framework; name = XcodeKit.framework; path = Library/Frameworks/XcodeKit.framework; sourceTree = DEVELOPER_DIR; };
		96EFCC5F200B308E000FF553 /* Cocoa.framework */ = {isa = PBXFileReference; lastKnownFileType = wrapper.framework; name = Cocoa.framework; path = Library/Frameworks/Cocoa.framework; sourceTree = DEVELOPER_DIR; };
		96EFCC6F200B30E0000FF553 /* JsonConverter.app */ = {isa = PBXFileReference; explicitFileType = wrapper.application; includeInIndex = 0; path = JsonConverter.app; sourceTree = BUILT_PRODUCTS_DIR; };
		96EFCC71200B30E0000FF553 /* AppDelegate.swift */ = {isa = PBXFileReference; lastKnownFileType = sourcecode.swift; path = AppDelegate.swift; sourceTree = "<group>"; };
		96EFCC73200B30E0000FF553 /* ViewController.swift */ = {isa = PBXFileReference; lastKnownFileType = sourcecode.swift; path = ViewController.swift; sourceTree = "<group>"; };
		96EFCC75200B30E0000FF553 /* Assets.xcassets */ = {isa = PBXFileReference; lastKnownFileType = folder.assetcatalog; path = Assets.xcassets; sourceTree = "<group>"; };
		96EFCC78200B30E0000FF553 /* Base */ = {isa = PBXFileReference; lastKnownFileType = file.storyboard; name = Base; path = Base.lproj/Main.storyboard; sourceTree = "<group>"; };
		96EFCC7A200B30E0000FF553 /* Info.plist */ = {isa = PBXFileReference; lastKnownFileType = text.plist.xml; path = Info.plist; sourceTree = "<group>"; };
		96EFCC7B200B30E0000FF553 /* macOSJsonConverter.entitlements */ = {isa = PBXFileReference; lastKnownFileType = text.plist.entitlements; path = macOSJsonConverter.entitlements; sourceTree = "<group>"; };
		96EFCC80200B30E0000FF553 /* macOSJsonConverterTests.xctest */ = {isa = PBXFileReference; explicitFileType = wrapper.cfbundle; includeInIndex = 0; path = macOSJsonConverterTests.xctest; sourceTree = BUILT_PRODUCTS_DIR; };
		96EFCC84200B30E0000FF553 /* macOSJsonConverterTests.swift */ = {isa = PBXFileReference; lastKnownFileType = sourcecode.swift; path = macOSJsonConverterTests.swift; sourceTree = "<group>"; };
		96EFCC86200B30E0000FF553 /* Info.plist */ = {isa = PBXFileReference; lastKnownFileType = text.plist.xml; path = Info.plist; sourceTree = "<group>"; };
		96EFCC8B200B30E0000FF553 /* macOSJsonConverterUITests.xctest */ = {isa = PBXFileReference; explicitFileType = wrapper.cfbundle; includeInIndex = 0; path = macOSJsonConverterUITests.xctest; sourceTree = BUILT_PRODUCTS_DIR; };
		96EFCC8F200B30E0000FF553 /* macOSJsonConverterUITests.swift */ = {isa = PBXFileReference; lastKnownFileType = sourcecode.swift; path = macOSJsonConverterUITests.swift; sourceTree = "<group>"; };
		96EFCC91200B30E0000FF553 /* Info.plist */ = {isa = PBXFileReference; lastKnownFileType = text.plist.xml; path = Info.plist; sourceTree = "<group>"; };
		96EFCC9F200B30FF000FF553 /* JsonConverterExtesnion.appex */ = {isa = PBXFileReference; explicitFileType = "wrapper.app-extension"; includeInIndex = 0; path = JsonConverterExtesnion.appex; sourceTree = BUILT_PRODUCTS_DIR; };
		96EFCCA2200B30FF000FF553 /* SourceEditorExtension.swift */ = {isa = PBXFileReference; lastKnownFileType = sourcecode.swift; path = SourceEditorExtension.swift; sourceTree = "<group>"; };
		96EFCCA4200B30FF000FF553 /* SourceEditorCommand.swift */ = {isa = PBXFileReference; lastKnownFileType = sourcecode.swift; path = SourceEditorCommand.swift; sourceTree = "<group>"; };
		96EFCCA6200B30FF000FF553 /* Info.plist */ = {isa = PBXFileReference; lastKnownFileType = text.plist.xml; path = Info.plist; sourceTree = "<group>"; };
		96EFCCA7200B30FF000FF553 /* JsonConverterExtesnion.entitlements */ = {isa = PBXFileReference; lastKnownFileType = text.plist.entitlements; path = JsonConverterExtesnion.entitlements; sourceTree = "<group>"; };
/* End PBXFileReference section */

/* Begin PBXFrameworksBuildPhase section */
		96326DFF1DC8684700C7D900 /* Frameworks */ = {
			isa = PBXFrameworksBuildPhase;
			buildActionMask = 2147483647;
			files = (
			);
			runOnlyForDeploymentPostprocessing = 0;
		};
		96326E131DC8684700C7D900 /* Frameworks */ = {
			isa = PBXFrameworksBuildPhase;
			buildActionMask = 2147483647;
			files = (
			);
			runOnlyForDeploymentPostprocessing = 0;
		};
		96326E1E1DC8684700C7D900 /* Frameworks */ = {
			isa = PBXFrameworksBuildPhase;
			buildActionMask = 2147483647;
			files = (
			);
			runOnlyForDeploymentPostprocessing = 0;
		};
		96EFCC6C200B30E0000FF553 /* Frameworks */ = {
			isa = PBXFrameworksBuildPhase;
			buildActionMask = 2147483647;
			files = (
			);
			runOnlyForDeploymentPostprocessing = 0;
		};
		96EFCC7D200B30E0000FF553 /* Frameworks */ = {
			isa = PBXFrameworksBuildPhase;
			buildActionMask = 2147483647;
			files = (
			);
			runOnlyForDeploymentPostprocessing = 0;
		};
		96EFCC88200B30E0000FF553 /* Frameworks */ = {
			isa = PBXFrameworksBuildPhase;
			buildActionMask = 2147483647;
			files = (
			);
			runOnlyForDeploymentPostprocessing = 0;
		};
		96EFCC9C200B30FF000FF553 /* Frameworks */ = {
			isa = PBXFrameworksBuildPhase;
			buildActionMask = 2147483647;
			files = (
				96EFCCA0200B30FF000FF553 /* Cocoa.framework in Frameworks */,
				96E7FB6325F5CC9C005B79CD /* XcodeKit.framework in Frameworks */,
			);
			runOnlyForDeploymentPostprocessing = 0;
		};
/* End PBXFrameworksBuildPhase section */

/* Begin PBXGroup section */
		373D983C1E4AC089004EDB9B /* Models */ = {
			isa = PBXGroup;
			children = (
				373D983D1E4AC09F004EDB9B /* Model.swift */,
			);
			name = Models;
			path = JsonConverterTest;
			sourceTree = "<group>";
		};
		96326DF91DC8684700C7D900 = {
			isa = PBXGroup;
			children = (
				9651F71A1EFEDA0600269ADE /* Extension */,
				963CE1081DCE683100DE1C31 /* Utilities */,
				963CE0EA1DCE66A200DE1C31 /* JsonFramework */,
				373D983C1E4AC089004EDB9B /* Models */,
				96326E041DC8684700C7D900 /* JsonConverterTest */,
				96326E191DC8684700C7D900 /* JsonConverterTestTests */,
				96326E241DC8684700C7D900 /* JsonConverterTestUITests */,
				96EFCC70200B30E0000FF553 /* macOSJsonConverter */,
				96EFCC83200B30E0000FF553 /* macOSJsonConverterTests */,
				96EFCC8E200B30E0000FF553 /* macOSJsonConverterUITests */,
				96EFCCA1200B30FF000FF553 /* JsonConverterExtesnion */,
				96EFCC5E200B308E000FF553 /* Frameworks */,
				96326E031DC8684700C7D900 /* Products */,
			);
			sourceTree = "<group>";
		};
		96326E031DC8684700C7D900 /* Products */ = {
			isa = PBXGroup;
			children = (
				96326E021DC8684700C7D900 /* JsonConverterTest.app */,
				96326E161DC8684700C7D900 /* JsonConverterTestTests.xctest */,
				96326E211DC8684700C7D900 /* JsonConverterTestUITests.xctest */,
				96EFCC6F200B30E0000FF553 /* JsonConverter.app */,
				96EFCC80200B30E0000FF553 /* macOSJsonConverterTests.xctest */,
				96EFCC8B200B30E0000FF553 /* macOSJsonConverterUITests.xctest */,
				96EFCC9F200B30FF000FF553 /* JsonConverterExtesnion.appex */,
			);
			name = Products;
			sourceTree = "<group>";
		};
		96326E041DC8684700C7D900 /* JsonConverterTest */ = {
			isa = PBXGroup;
			children = (
				96326E051DC8684700C7D900 /* AppDelegate.swift */,
				96326E071DC8684700C7D900 /* ViewController.swift */,
				96326E091DC8684700C7D900 /* Main.storyboard */,
				96326E0C1DC8684700C7D900 /* Assets.xcassets */,
				96326E0E1DC8684700C7D900 /* LaunchScreen.storyboard */,
				96326E111DC8684700C7D900 /* Info.plist */,
			);
			path = JsonConverterTest;
			sourceTree = "<group>";
		};
		96326E191DC8684700C7D900 /* JsonConverterTestTests */ = {
			isa = PBXGroup;
			children = (
				96326E1A1DC8684700C7D900 /* JsonConverterTestTests.swift */,
				96326E1C1DC8684700C7D900 /* Info.plist */,
			);
			path = JsonConverterTestTests;
			sourceTree = "<group>";
		};
		96326E241DC8684700C7D900 /* JsonConverterTestUITests */ = {
			isa = PBXGroup;
			children = (
				96326E251DC8684700C7D900 /* JsonConverterTestUITests.swift */,
				96326E271DC8684700C7D900 /* Info.plist */,
			);
			path = JsonConverterTestUITests;
			sourceTree = "<group>";
		};
		963CE0EA1DCE66A200DE1C31 /* JsonFramework */ = {
			isa = PBXGroup;
			children = (
				963CE0FE1DCE678600DE1C31 /* Typealias */,
				963CE0FF1DCE679000DE1C31 /* Protocols */,
			);
			name = JsonFramework;
			sourceTree = "<group>";
		};
		963CE0FE1DCE678600DE1C31 /* Typealias */ = {
			isa = PBXGroup;
			children = (
				963CE0F01DCE673000DE1C31 /* JsonArray.swift */,
				963CE0F11DCE673000DE1C31 /* JsonDictionary.swift */,
			);
			name = Typealias;
			sourceTree = "<group>";
		};
		963CE0FF1DCE679000DE1C31 /* Protocols */ = {
			isa = PBXGroup;
			children = (
				963CE1091DCE685600DE1C31 /* JsonDeserializeable.swift */,
				963CE10A1DCE685600DE1C31 /* JsonSerializeable.swift */,
				963CE1021DCE682000DE1C31 /* PropertyConverters.swift */,
				963CE1031DCE682000DE1C31 /* PropertyMapping.swift */,
				963CE10D1DCE686400DE1C31 /* ArrayType.swift */,
			);
			name = Protocols;
			sourceTree = "<group>";
		};
		963CE1081DCE683100DE1C31 /* Utilities */ = {
			isa = PBXGroup;
			children = (
				963CE1041DCE682000DE1C31 /* Utilities.swift */,
			);
			name = Utilities;
			sourceTree = "<group>";
		};
		964B9C5C2ABD577B0007125C /* Enum */ = {
			isa = PBXGroup;
			children = (
				964B9C5D2ABD57870007125C /* SourceCommandEnum.swift */,
			);
			path = Enum;
			sourceTree = "<group>";
		};
		9651F71A1EFEDA0600269ADE /* Extension */ = {
			isa = PBXGroup;
			children = (
				9651F7181EFEDA0300269ADE /* OptionalAnyExtension.swift */,
				9692516B201DB6F9000173AE /* StringExtension.swift */,
			);
			name = Extension;
			sourceTree = "<group>";
		};
		96EFCC5E200B308E000FF553 /* Frameworks */ = {
			isa = PBXGroup;
			children = (
				96E7FB6225F5CC9C005B79CD /* XcodeKit.framework */,
				96EFCC5F200B308E000FF553 /* Cocoa.framework */,
			);
			name = Frameworks;
			sourceTree = "<group>";
		};
		96EFCC70200B30E0000FF553 /* macOSJsonConverter */ = {
			isa = PBXGroup;
			children = (
				96EFCC71200B30E0000FF553 /* AppDelegate.swift */,
				96EFCC73200B30E0000FF553 /* ViewController.swift */,
				96EFCC75200B30E0000FF553 /* Assets.xcassets */,
				96EFCC77200B30E0000FF553 /* Main.storyboard */,
				96EFCC7A200B30E0000FF553 /* Info.plist */,
				96EFCC7B200B30E0000FF553 /* macOSJsonConverter.entitlements */,
			);
			path = macOSJsonConverter;
			sourceTree = "<group>";
		};
		96EFCC83200B30E0000FF553 /* macOSJsonConverterTests */ = {
			isa = PBXGroup;
			children = (
				96EFCC84200B30E0000FF553 /* macOSJsonConverterTests.swift */,
				96EFCC86200B30E0000FF553 /* Info.plist */,
			);
			path = macOSJsonConverterTests;
			sourceTree = "<group>";
		};
		96EFCC8E200B30E0000FF553 /* macOSJsonConverterUITests */ = {
			isa = PBXGroup;
			children = (
				96EFCC8F200B30E0000FF553 /* macOSJsonConverterUITests.swift */,
				96EFCC91200B30E0000FF553 /* Info.plist */,
			);
			path = macOSJsonConverterUITests;
			sourceTree = "<group>";
		};
		96EFCCA1200B30FF000FF553 /* JsonConverterExtesnion */ = {
			isa = PBXGroup;
			children = (
				964B9C5C2ABD577B0007125C /* Enum */,
				96EFCCA2200B30FF000FF553 /* SourceEditorExtension.swift */,
				96EFCCA4200B30FF000FF553 /* SourceEditorCommand.swift */,
				96EFCCA6200B30FF000FF553 /* Info.plist */,
				96EFCCA7200B30FF000FF553 /* JsonConverterExtesnion.entitlements */,
			);
			path = JsonConverterExtesnion;
			sourceTree = "<group>";
		};
/* End PBXGroup section */

/* Begin PBXNativeTarget section */
		96326E011DC8684700C7D900 /* JsonConverterTest */ = {
			isa = PBXNativeTarget;
			buildConfigurationList = 96326E2A1DC8684700C7D900 /* Build configuration list for PBXNativeTarget "JsonConverterTest" */;
			buildPhases = (
				96326DFE1DC8684700C7D900 /* Sources */,
				96326DFF1DC8684700C7D900 /* Frameworks */,
				96326E001DC8684700C7D900 /* Resources */,
			);
			buildRules = (
			);
			dependencies = (
			);
			name = JsonConverterTest;
			productName = JsonConverterTest;
			productReference = 96326E021DC8684700C7D900 /* JsonConverterTest.app */;
			productType = "com.apple.product-type.application";
		};
		96326E151DC8684700C7D900 /* JsonConverterTestTests */ = {
			isa = PBXNativeTarget;
			buildConfigurationList = 96326E2D1DC8684700C7D900 /* Build configuration list for PBXNativeTarget "JsonConverterTestTests" */;
			buildPhases = (
				96326E121DC8684700C7D900 /* Sources */,
				96326E131DC8684700C7D900 /* Frameworks */,
				96326E141DC8684700C7D900 /* Resources */,
			);
			buildRules = (
			);
			dependencies = (
				96326E181DC8684700C7D900 /* PBXTargetDependency */,
			);
			name = JsonConverterTestTests;
			productName = JsonConverterTestTests;
			productReference = 96326E161DC8684700C7D900 /* JsonConverterTestTests.xctest */;
			productType = "com.apple.product-type.bundle.unit-test";
		};
		96326E201DC8684700C7D900 /* JsonConverterTestUITests */ = {
			isa = PBXNativeTarget;
			buildConfigurationList = 96326E301DC8684700C7D900 /* Build configuration list for PBXNativeTarget "JsonConverterTestUITests" */;
			buildPhases = (
				96326E1D1DC8684700C7D900 /* Sources */,
				96326E1E1DC8684700C7D900 /* Frameworks */,
				96326E1F1DC8684700C7D900 /* Resources */,
			);
			buildRules = (
			);
			dependencies = (
				96326E231DC8684700C7D900 /* PBXTargetDependency */,
			);
			name = JsonConverterTestUITests;
			productName = JsonConverterTestUITests;
			productReference = 96326E211DC8684700C7D900 /* JsonConverterTestUITests.xctest */;
			productType = "com.apple.product-type.bundle.ui-testing";
		};
		96EFCC6E200B30E0000FF553 /* macOSJsonConverter */ = {
			isa = PBXNativeTarget;
			buildConfigurationList = 96EFCC92200B30E0000FF553 /* Build configuration list for PBXNativeTarget "macOSJsonConverter" */;
			buildPhases = (
				96EFCC6B200B30E0000FF553 /* Sources */,
				96EFCC6C200B30E0000FF553 /* Frameworks */,
				96EFCC6D200B30E0000FF553 /* Resources */,
				96EFCCAE200B30FF000FF553 /* Embed Foundation Extensions */,
			);
			buildRules = (
			);
			dependencies = (
				96EFCCA9200B30FF000FF553 /* PBXTargetDependency */,
			);
			name = macOSJsonConverter;
			productName = macOSJsonConverter;
			productReference = 96EFCC6F200B30E0000FF553 /* JsonConverter.app */;
			productType = "com.apple.product-type.application";
		};
		96EFCC7F200B30E0000FF553 /* macOSJsonConverterTests */ = {
			isa = PBXNativeTarget;
			buildConfigurationList = 96EFCC95200B30E0000FF553 /* Build configuration list for PBXNativeTarget "macOSJsonConverterTests" */;
			buildPhases = (
				96EFCC7C200B30E0000FF553 /* Sources */,
				96EFCC7D200B30E0000FF553 /* Frameworks */,
				96EFCC7E200B30E0000FF553 /* Resources */,
			);
			buildRules = (
			);
			dependencies = (
				96EFCC82200B30E0000FF553 /* PBXTargetDependency */,
			);
			name = macOSJsonConverterTests;
			productName = macOSJsonConverterTests;
			productReference = 96EFCC80200B30E0000FF553 /* macOSJsonConverterTests.xctest */;
			productType = "com.apple.product-type.bundle.unit-test";
		};
		96EFCC8A200B30E0000FF553 /* macOSJsonConverterUITests */ = {
			isa = PBXNativeTarget;
			buildConfigurationList = 96EFCC98200B30E0000FF553 /* Build configuration list for PBXNativeTarget "macOSJsonConverterUITests" */;
			buildPhases = (
				96EFCC87200B30E0000FF553 /* Sources */,
				96EFCC88200B30E0000FF553 /* Frameworks */,
				96EFCC89200B30E0000FF553 /* Resources */,
			);
			buildRules = (
			);
			dependencies = (
				96EFCC8D200B30E0000FF553 /* PBXTargetDependency */,
			);
			name = macOSJsonConverterUITests;
			productName = macOSJsonConverterUITests;
			productReference = 96EFCC8B200B30E0000FF553 /* macOSJsonConverterUITests.xctest */;
			productType = "com.apple.product-type.bundle.ui-testing";
		};
		96EFCC9E200B30FF000FF553 /* JsonConverterExtesnion */ = {
			isa = PBXNativeTarget;
			buildConfigurationList = 96EFCCAB200B30FF000FF553 /* Build configuration list for PBXNativeTarget "JsonConverterExtesnion" */;
			buildPhases = (
				96EFCC9B200B30FF000FF553 /* Sources */,
				96EFCC9C200B30FF000FF553 /* Frameworks */,
				96EFCC9D200B30FF000FF553 /* Resources */,
				96E7FB6525F5CC9C005B79CD /* Embed Frameworks */,
			);
			buildRules = (
			);
			dependencies = (
			);
			name = JsonConverterExtesnion;
			productName = JsonConvereterExtesnion;
			productReference = 96EFCC9F200B30FF000FF553 /* JsonConverterExtesnion.appex */;
			productType = "com.apple.product-type.xcode-extension";
		};
/* End PBXNativeTarget section */

/* Begin PBXProject section */
		96326DFA1DC8684700C7D900 /* Project object */ = {
			isa = PBXProject;
			attributes = {
				BuildIndependentTargetsInParallel = YES;
				LastSwiftUpdateCheck = 0920;
				LastUpgradeCheck = 1500;
				ORGANIZATIONNAME = "劉柏賢";
				TargetAttributes = {
					96326E011DC8684700C7D900 = {
						CreatedOnToolsVersion = 8.1;
						DevelopmentTeam = 8W6454B7RN;
						LastSwiftMigration = 0920;
						ProvisioningStyle = Automatic;
					};
					96326E151DC8684700C7D900 = {
						CreatedOnToolsVersion = 8.1;
						DevelopmentTeam = 8W6454B7RN;
						LastSwiftMigration = 0920;
						ProvisioningStyle = Automatic;
						TestTargetID = 96326E011DC8684700C7D900;
					};
					96326E201DC8684700C7D900 = {
						CreatedOnToolsVersion = 8.1;
						DevelopmentTeam = 8W6454B7RN;
						LastSwiftMigration = 0920;
						ProvisioningStyle = Automatic;
						TestTargetID = 96326E011DC8684700C7D900;
					};
					96EFCC6E200B30E0000FF553 = {
						CreatedOnToolsVersion = 9.2;
						DevelopmentTeam = 8W6454B7RN;
						ProvisioningStyle = Automatic;
					};
					96EFCC7F200B30E0000FF553 = {
						CreatedOnToolsVersion = 9.2;
						DevelopmentTeam = 8W6454B7RN;
						ProvisioningStyle = Automatic;
						TestTargetID = 96EFCC6E200B30E0000FF553;
					};
					96EFCC8A200B30E0000FF553 = {
						CreatedOnToolsVersion = 9.2;
						DevelopmentTeam = 8W6454B7RN;
						ProvisioningStyle = Automatic;
						TestTargetID = 96EFCC6E200B30E0000FF553;
					};
					96EFCC9E200B30FF000FF553 = {
						CreatedOnToolsVersion = 9.2;
						DevelopmentTeam = 8W6454B7RN;
						ProvisioningStyle = Automatic;
					};
				};
			};
			buildConfigurationList = 96326DFD1DC8684700C7D900 /* Build configuration list for PBXProject "JsonConverterTest" */;
			compatibilityVersion = "Xcode 3.2";
			developmentRegion = en;
			hasScannedForEncodings = 0;
			knownRegions = (
				en,
				Base,
			);
			mainGroup = 96326DF91DC8684700C7D900;
			productRefGroup = 96326E031DC8684700C7D900 /* Products */;
			projectDirPath = "";
			projectRoot = "";
			targets = (
				96326E011DC8684700C7D900 /* JsonConverterTest */,
				96326E151DC8684700C7D900 /* JsonConverterTestTests */,
				96326E201DC8684700C7D900 /* JsonConverterTestUITests */,
				96EFCC6E200B30E0000FF553 /* macOSJsonConverter */,
				96EFCC7F200B30E0000FF553 /* macOSJsonConverterTests */,
				96EFCC8A200B30E0000FF553 /* macOSJsonConverterUITests */,
				96EFCC9E200B30FF000FF553 /* JsonConverterExtesnion */,
			);
		};
/* End PBXProject section */

/* Begin PBXResourcesBuildPhase section */
		96326E001DC8684700C7D900 /* Resources */ = {
			isa = PBXResourcesBuildPhase;
			buildActionMask = 2147483647;
			files = (
				96326E101DC8684700C7D900 /* LaunchScreen.storyboard in Resources */,
				96326E0D1DC8684700C7D900 /* Assets.xcassets in Resources */,
				96326E0B1DC8684700C7D900 /* Main.storyboard in Resources */,
			);
			runOnlyForDeploymentPostprocessing = 0;
		};
		96326E141DC8684700C7D900 /* Resources */ = {
			isa = PBXResourcesBuildPhase;
			buildActionMask = 2147483647;
			files = (
			);
			runOnlyForDeploymentPostprocessing = 0;
		};
		96326E1F1DC8684700C7D900 /* Resources */ = {
			isa = PBXResourcesBuildPhase;
			buildActionMask = 2147483647;
			files = (
			);
			runOnlyForDeploymentPostprocessing = 0;
		};
		96EFCC6D200B30E0000FF553 /* Resources */ = {
			isa = PBXResourcesBuildPhase;
			buildActionMask = 2147483647;
			files = (
				96EFCC76200B30E0000FF553 /* Assets.xcassets in Resources */,
				96EFCC79200B30E0000FF553 /* Main.storyboard in Resources */,
			);
			runOnlyForDeploymentPostprocessing = 0;
		};
		96EFCC7E200B30E0000FF553 /* Resources */ = {
			isa = PBXResourcesBuildPhase;
			buildActionMask = 2147483647;
			files = (
			);
			runOnlyForDeploymentPostprocessing = 0;
		};
		96EFCC89200B30E0000FF553 /* Resources */ = {
			isa = PBXResourcesBuildPhase;
			buildActionMask = 2147483647;
			files = (
			);
			runOnlyForDeploymentPostprocessing = 0;
		};
		96EFCC9D200B30FF000FF553 /* Resources */ = {
			isa = PBXResourcesBuildPhase;
			buildActionMask = 2147483647;
			files = (
			);
			runOnlyForDeploymentPostprocessing = 0;
		};
/* End PBXResourcesBuildPhase section */

/* Begin PBXSourcesBuildPhase section */
		96326DFE1DC8684700C7D900 /* Sources */ = {
			isa = PBXSourcesBuildPhase;
			buildActionMask = 2147483647;
			files = (
				96326E081DC8684700C7D900 /* ViewController.swift in Sources */,
				963CE1061DCE682000DE1C31 /* PropertyMapping.swift in Sources */,
				963CE0F21DCE673000DE1C31 /* JsonArray.swift in Sources */,
				963CE10B1DCE685600DE1C31 /* JsonDeserializeable.swift in Sources */,
				96326E061DC8684700C7D900 /* AppDelegate.swift in Sources */,
				963CE10C1DCE685600DE1C31 /* JsonSerializeable.swift in Sources */,
				963CE1071DCE682000DE1C31 /* Utilities.swift in Sources */,
				963CE1051DCE682000DE1C31 /* PropertyConverters.swift in Sources */,
				9651F7191EFEDA0300269ADE /* OptionalAnyExtension.swift in Sources */,
				963CE0F31DCE673000DE1C31 /* JsonDictionary.swift in Sources */,
				373D983E1E4AC09F004EDB9B /* Model.swift in Sources */,
				9692516C201DB6F9000173AE /* StringExtension.swift in Sources */,
				963CE10E1DCE686400DE1C31 /* ArrayType.swift in Sources */,
			);
			runOnlyForDeploymentPostprocessing = 0;
		};
		96326E121DC8684700C7D900 /* Sources */ = {
			isa = PBXSourcesBuildPhase;
			buildActionMask = 2147483647;
			files = (
				96326E1B1DC8684700C7D900 /* JsonConverterTestTests.swift in Sources */,
			);
			runOnlyForDeploymentPostprocessing = 0;
		};
		96326E1D1DC8684700C7D900 /* Sources */ = {
			isa = PBXSourcesBuildPhase;
			buildActionMask = 2147483647;
			files = (
				96326E261DC8684700C7D900 /* JsonConverterTestUITests.swift in Sources */,
			);
			runOnlyForDeploymentPostprocessing = 0;
		};
		96EFCC6B200B30E0000FF553 /* Sources */ = {
			isa = PBXSourcesBuildPhase;
			buildActionMask = 2147483647;
			files = (
				9692516F201DB75B000173AE /* JsonDeserializeable.swift in Sources */,
				96925172201DB798000173AE /* PropertyMapping.swift in Sources */,
				96925175201DB7BE000173AE /* Utilities.swift in Sources */,
				96925173201DB7A2000173AE /* ArrayType.swift in Sources */,
				96EFCC74200B30E0000FF553 /* ViewController.swift in Sources */,
				96925170201DB781000173AE /* JsonSerializeable.swift in Sources */,
				96EFCC72200B30E0000FF553 /* AppDelegate.swift in Sources */,
				9692516D201DB6F9000173AE /* StringExtension.swift in Sources */,
				964EE1D22ABD674B00CB7357 /* OptionalAnyExtension.swift in Sources */,
				96925171201DB78F000173AE /* PropertyConverters.swift in Sources */,
				9692516E201DB742000173AE /* JsonDictionary.swift in Sources */,
				96925174201DB7B3000173AE /* JsonArray.swift in Sources */,
			);
			runOnlyForDeploymentPostprocessing = 0;
		};
		96EFCC7C200B30E0000FF553 /* Sources */ = {
			isa = PBXSourcesBuildPhase;
			buildActionMask = 2147483647;
			files = (
				96EFCC85200B30E0000FF553 /* macOSJsonConverterTests.swift in Sources */,
			);
			runOnlyForDeploymentPostprocessing = 0;
		};
		96EFCC87200B30E0000FF553 /* Sources */ = {
			isa = PBXSourcesBuildPhase;
			buildActionMask = 2147483647;
			files = (
				96EFCC90200B30E0000FF553 /* macOSJsonConverterUITests.swift in Sources */,
			);
			runOnlyForDeploymentPostprocessing = 0;
		};
		96EFCC9B200B30FF000FF553 /* Sources */ = {
			isa = PBXSourcesBuildPhase;
			buildActionMask = 2147483647;
			files = (
				96925178201DC21C000173AE /* JsonDeserializeable.swift in Sources */,
				9692517C201DC23F000173AE /* PropertyConverters.swift in Sources */,
				9692517E201DC257000173AE /* Utilities.swift in Sources */,
				96EFCCA3200B30FF000FF553 /* SourceEditorExtension.swift in Sources */,
				96925179201DC223000173AE /* JsonSerializeable.swift in Sources */,
				9692517B201DC22D000173AE /* ArrayType.swift in Sources */,
				96EFCCA5200B30FF000FF553 /* SourceEditorCommand.swift in Sources */,
				964B9C5E2ABD57870007125C /* SourceCommandEnum.swift in Sources */,
				96925176201DC1EF000173AE /* StringExtension.swift in Sources */,
				9692517D201DC246000173AE /* PropertyMapping.swift in Sources */,
				9692517A201DC229000173AE /* JsonArray.swift in Sources */,
				964EE1D02ABD673D00CB7357 /* OptionalAnyExtension.swift in Sources */,
				96925177201DC1FD000173AE /* JsonDictionary.swift in Sources */,
			);
			runOnlyForDeploymentPostprocessing = 0;
		};
/* End PBXSourcesBuildPhase section */

/* Begin PBXTargetDependency section */
		96326E181DC8684700C7D900 /* PBXTargetDependency */ = {
			isa = PBXTargetDependency;
			target = 96326E011DC8684700C7D900 /* JsonConverterTest */;
			targetProxy = 96326E171DC8684700C7D900 /* PBXContainerItemProxy */;
		};
		96326E231DC8684700C7D900 /* PBXTargetDependency */ = {
			isa = PBXTargetDependency;
			target = 96326E011DC8684700C7D900 /* JsonConverterTest */;
			targetProxy = 96326E221DC8684700C7D900 /* PBXContainerItemProxy */;
		};
		96EFCC82200B30E0000FF553 /* PBXTargetDependency */ = {
			isa = PBXTargetDependency;
			target = 96EFCC6E200B30E0000FF553 /* macOSJsonConverter */;
			targetProxy = 96EFCC81200B30E0000FF553 /* PBXContainerItemProxy */;
		};
		96EFCC8D200B30E0000FF553 /* PBXTargetDependency */ = {
			isa = PBXTargetDependency;
			target = 96EFCC6E200B30E0000FF553 /* macOSJsonConverter */;
			targetProxy = 96EFCC8C200B30E0000FF553 /* PBXContainerItemProxy */;
		};
		96EFCCA9200B30FF000FF553 /* PBXTargetDependency */ = {
			isa = PBXTargetDependency;
			target = 96EFCC9E200B30FF000FF553 /* JsonConverterExtesnion */;
			targetProxy = 96EFCCA8200B30FF000FF553 /* PBXContainerItemProxy */;
		};
/* End PBXTargetDependency section */

/* Begin PBXVariantGroup section */
		96326E091DC8684700C7D900 /* Main.storyboard */ = {
			isa = PBXVariantGroup;
			children = (
				96326E0A1DC8684700C7D900 /* Base */,
			);
			name = Main.storyboard;
			sourceTree = "<group>";
		};
		96326E0E1DC8684700C7D900 /* LaunchScreen.storyboard */ = {
			isa = PBXVariantGroup;
			children = (
				96326E0F1DC8684700C7D900 /* Base */,
			);
			name = LaunchScreen.storyboard;
			sourceTree = "<group>";
		};
		96EFCC77200B30E0000FF553 /* Main.storyboard */ = {
			isa = PBXVariantGroup;
			children = (
				96EFCC78200B30E0000FF553 /* Base */,
			);
			name = Main.storyboard;
			sourceTree = "<group>";
		};
/* End PBXVariantGroup section */

/* Begin XCBuildConfiguration section */
		96326E281DC8684700C7D900 /* Debug */ = {
			isa = XCBuildConfiguration;
			buildSettings = {
				ALWAYS_SEARCH_USER_PATHS = NO;
				CLANG_ANALYZER_LOCALIZABILITY_NONLOCALIZED = YES;
				CLANG_ANALYZER_NONNULL = YES;
				CLANG_CXX_LANGUAGE_STANDARD = "gnu++0x";
				CLANG_CXX_LIBRARY = "libc++";
				CLANG_ENABLE_MODULES = YES;
				CLANG_ENABLE_OBJC_ARC = YES;
				CLANG_WARN_BLOCK_CAPTURE_AUTORELEASING = YES;
				CLANG_WARN_BOOL_CONVERSION = YES;
				CLANG_WARN_COMMA = YES;
				CLANG_WARN_CONSTANT_CONVERSION = YES;
				CLANG_WARN_DEPRECATED_OBJC_IMPLEMENTATIONS = YES;
				CLANG_WARN_DIRECT_OBJC_ISA_USAGE = YES_ERROR;
				CLANG_WARN_DOCUMENTATION_COMMENTS = YES;
				CLANG_WARN_EMPTY_BODY = YES;
				CLANG_WARN_ENUM_CONVERSION = YES;
				CLANG_WARN_INFINITE_RECURSION = YES;
				CLANG_WARN_INT_CONVERSION = YES;
				CLANG_WARN_NON_LITERAL_NULL_CONVERSION = YES;
				CLANG_WARN_OBJC_IMPLICIT_RETAIN_SELF = YES;
				CLANG_WARN_OBJC_LITERAL_CONVERSION = YES;
				CLANG_WARN_OBJC_ROOT_CLASS = YES_ERROR;
				CLANG_WARN_QUOTED_INCLUDE_IN_FRAMEWORK_HEADER = YES;
				CLANG_WARN_RANGE_LOOP_ANALYSIS = YES;
				CLANG_WARN_STRICT_PROTOTYPES = YES;
				CLANG_WARN_SUSPICIOUS_MOVE = YES;
				CLANG_WARN_SUSPICIOUS_MOVES = YES;
				CLANG_WARN_UNREACHABLE_CODE = YES;
				CLANG_WARN__DUPLICATE_METHOD_MATCH = YES;
				"CODE_SIGN_IDENTITY[sdk=iphoneos*]" = "iPhone Developer";
				COPY_PHASE_STRIP = NO;
				DEBUG_INFORMATION_FORMAT = dwarf;
				ENABLE_STRICT_OBJC_MSGSEND = YES;
				ENABLE_TESTABILITY = YES;
				ENABLE_USER_SCRIPT_SANDBOXING = YES;
				GCC_C_LANGUAGE_STANDARD = gnu99;
				GCC_DYNAMIC_NO_PIC = NO;
				GCC_NO_COMMON_BLOCKS = YES;
				GCC_OPTIMIZATION_LEVEL = 0;
				GCC_PREPROCESSOR_DEFINITIONS = (
					"DEBUG=1",
					"$(inherited)",
				);
				GCC_WARN_64_TO_32_BIT_CONVERSION = YES;
				GCC_WARN_ABOUT_RETURN_TYPE = YES_ERROR;
				GCC_WARN_UNDECLARED_SELECTOR = YES;
				GCC_WARN_UNINITIALIZED_AUTOS = YES_AGGRESSIVE;
				GCC_WARN_UNUSED_FUNCTION = YES;
				GCC_WARN_UNUSED_VARIABLE = YES;
				MACOSX_DEPLOYMENT_TARGET = 14.0;
				MARKETING_VERSION = 1.0.1;
				MTL_ENABLE_DEBUG_INFO = YES;
				ONLY_ACTIVE_ARCH = YES;
				SDKROOT = iphoneos;
				SWIFT_ACTIVE_COMPILATION_CONDITIONS = DEBUG;
				SWIFT_OPTIMIZATION_LEVEL = "-Onone";
				SWIFT_VERSION = 5.0;
				TARGETED_DEVICE_FAMILY = "1,2";
			};
			name = Debug;
		};
		96326E291DC8684700C7D900 /* Release */ = {
			isa = XCBuildConfiguration;
			buildSettings = {
				ALWAYS_SEARCH_USER_PATHS = NO;
				CLANG_ANALYZER_LOCALIZABILITY_NONLOCALIZED = YES;
				CLANG_ANALYZER_NONNULL = YES;
				CLANG_CXX_LANGUAGE_STANDARD = "gnu++0x";
				CLANG_CXX_LIBRARY = "libc++";
				CLANG_ENABLE_MODULES = YES;
				CLANG_ENABLE_OBJC_ARC = YES;
				CLANG_WARN_BLOCK_CAPTURE_AUTORELEASING = YES;
				CLANG_WARN_BOOL_CONVERSION = YES;
				CLANG_WARN_COMMA = YES;
				CLANG_WARN_CONSTANT_CONVERSION = YES;
				CLANG_WARN_DEPRECATED_OBJC_IMPLEMENTATIONS = YES;
				CLANG_WARN_DIRECT_OBJC_ISA_USAGE = YES_ERROR;
				CLANG_WARN_DOCUMENTATION_COMMENTS = YES;
				CLANG_WARN_EMPTY_BODY = YES;
				CLANG_WARN_ENUM_CONVERSION = YES;
				CLANG_WARN_INFINITE_RECURSION = YES;
				CLANG_WARN_INT_CONVERSION = YES;
				CLANG_WARN_NON_LITERAL_NULL_CONVERSION = YES;
				CLANG_WARN_OBJC_IMPLICIT_RETAIN_SELF = YES;
				CLANG_WARN_OBJC_LITERAL_CONVERSION = YES;
				CLANG_WARN_OBJC_ROOT_CLASS = YES_ERROR;
				CLANG_WARN_QUOTED_INCLUDE_IN_FRAMEWORK_HEADER = YES;
				CLANG_WARN_RANGE_LOOP_ANALYSIS = YES;
				CLANG_WARN_STRICT_PROTOTYPES = YES;
				CLANG_WARN_SUSPICIOUS_MOVE = YES;
				CLANG_WARN_SUSPICIOUS_MOVES = YES;
				CLANG_WARN_UNREACHABLE_CODE = YES;
				CLANG_WARN__DUPLICATE_METHOD_MATCH = YES;
				"CODE_SIGN_IDENTITY[sdk=iphoneos*]" = "iPhone Developer";
				COPY_PHASE_STRIP = NO;
				DEBUG_INFORMATION_FORMAT = "dwarf-with-dsym";
				ENABLE_NS_ASSERTIONS = NO;
				ENABLE_STRICT_OBJC_MSGSEND = YES;
				ENABLE_USER_SCRIPT_SANDBOXING = YES;
				GCC_C_LANGUAGE_STANDARD = gnu99;
				GCC_NO_COMMON_BLOCKS = YES;
				GCC_WARN_64_TO_32_BIT_CONVERSION = YES;
				GCC_WARN_ABOUT_RETURN_TYPE = YES_ERROR;
				GCC_WARN_UNDECLARED_SELECTOR = YES;
				GCC_WARN_UNINITIALIZED_AUTOS = YES_AGGRESSIVE;
				GCC_WARN_UNUSED_FUNCTION = YES;
				GCC_WARN_UNUSED_VARIABLE = YES;
				MACOSX_DEPLOYMENT_TARGET = 14.0;
				MARKETING_VERSION = 1.0.1;
				MTL_ENABLE_DEBUG_INFO = NO;
				SDKROOT = iphoneos;
				SWIFT_COMPILATION_MODE = wholemodule;
				SWIFT_OPTIMIZATION_LEVEL = "-O";
				SWIFT_VERSION = 5.0;
				TARGETED_DEVICE_FAMILY = "1,2";
				VALIDATE_PRODUCT = YES;
			};
			name = Release;
		};
		96326E2B1DC8684700C7D900 /* Debug */ = {
			isa = XCBuildConfiguration;
			buildSettings = {
				ASSETCATALOG_COMPILER_APPICON_NAME = AppIcon;
				DEVELOPMENT_TEAM = 8W6454B7RN;
				INFOPLIST_FILE = JsonConverterTest/Info.plist;
				LD_RUNPATH_SEARCH_PATHS = (
					"$(inherited)",
					"@executable_path/Frameworks",
				);
				MACOSX_DEPLOYMENT_TARGET = "$(RECOMMENDED_MACOSX_DEPLOYMENT_TARGET)";
				PRODUCT_BUNDLE_IDENTIFIER = tw.bosian.JsonConverterTest;
				PRODUCT_NAME = "$(TARGET_NAME)";
			};
			name = Debug;
		};
		96326E2C1DC8684700C7D900 /* Release */ = {
			isa = XCBuildConfiguration;
			buildSettings = {
				ASSETCATALOG_COMPILER_APPICON_NAME = AppIcon;
				DEVELOPMENT_TEAM = 8W6454B7RN;
				INFOPLIST_FILE = JsonConverterTest/Info.plist;
				LD_RUNPATH_SEARCH_PATHS = (
					"$(inherited)",
					"@executable_path/Frameworks",
				);
				MACOSX_DEPLOYMENT_TARGET = "$(RECOMMENDED_MACOSX_DEPLOYMENT_TARGET)";
				PRODUCT_BUNDLE_IDENTIFIER = tw.bosian.JsonConverterTest;
				PRODUCT_NAME = "$(TARGET_NAME)";
			};
			name = Release;
		};
		96326E2E1DC8684700C7D900 /* Debug */ = {
			isa = XCBuildConfiguration;
			buildSettings = {
				ALWAYS_EMBED_SWIFT_STANDARD_LIBRARIES = YES;
				BUNDLE_LOADER = "$(TEST_HOST)";
				DEVELOPMENT_TEAM = 8W6454B7RN;
				INFOPLIST_FILE = JsonConverterTestTests/Info.plist;
				LD_RUNPATH_SEARCH_PATHS = (
					"$(inherited)",
					"@executable_path/Frameworks",
					"@loader_path/Frameworks",
				);
				MACOSX_DEPLOYMENT_TARGET = "$(RECOMMENDED_MACOSX_DEPLOYMENT_TARGET)";
				PRODUCT_BUNDLE_IDENTIFIER = tw.bosian.JsonConverterTestTests;
				PRODUCT_NAME = "$(TARGET_NAME)";
				TEST_HOST = "$(BUILT_PRODUCTS_DIR)/JsonConverterTest.app/JsonConverterTest";
			};
			name = Debug;
		};
		96326E2F1DC8684700C7D900 /* Release */ = {
			isa = XCBuildConfiguration;
			buildSettings = {
				ALWAYS_EMBED_SWIFT_STANDARD_LIBRARIES = YES;
				BUNDLE_LOADER = "$(TEST_HOST)";
				DEVELOPMENT_TEAM = 8W6454B7RN;
				INFOPLIST_FILE = JsonConverterTestTests/Info.plist;
				LD_RUNPATH_SEARCH_PATHS = (
					"$(inherited)",
					"@executable_path/Frameworks",
					"@loader_path/Frameworks",
				);
				MACOSX_DEPLOYMENT_TARGET = "$(RECOMMENDED_MACOSX_DEPLOYMENT_TARGET)";
				PRODUCT_BUNDLE_IDENTIFIER = tw.bosian.JsonConverterTestTests;
				PRODUCT_NAME = "$(TARGET_NAME)";
				TEST_HOST = "$(BUILT_PRODUCTS_DIR)/JsonConverterTest.app/JsonConverterTest";
			};
			name = Release;
		};
		96326E311DC8684700C7D900 /* Debug */ = {
			isa = XCBuildConfiguration;
			buildSettings = {
				ALWAYS_EMBED_SWIFT_STANDARD_LIBRARIES = YES;
				DEVELOPMENT_TEAM = 8W6454B7RN;
				INFOPLIST_FILE = JsonConverterTestUITests/Info.plist;
				LD_RUNPATH_SEARCH_PATHS = (
					"$(inherited)",
					"@executable_path/Frameworks",
					"@loader_path/Frameworks",
				);
				MACOSX_DEPLOYMENT_TARGET = "$(RECOMMENDED_MACOSX_DEPLOYMENT_TARGET)";
				PRODUCT_BUNDLE_IDENTIFIER = tw.bosian.JsonConverterTestUITests;
				PRODUCT_NAME = "$(TARGET_NAME)";
				TEST_TARGET_NAME = JsonConverterTest;
			};
			name = Debug;
		};
		96326E321DC8684700C7D900 /* Release */ = {
			isa = XCBuildConfiguration;
			buildSettings = {
				ALWAYS_EMBED_SWIFT_STANDARD_LIBRARIES = YES;
				DEVELOPMENT_TEAM = 8W6454B7RN;
				INFOPLIST_FILE = JsonConverterTestUITests/Info.plist;
				LD_RUNPATH_SEARCH_PATHS = (
					"$(inherited)",
					"@executable_path/Frameworks",
					"@loader_path/Frameworks",
				);
				MACOSX_DEPLOYMENT_TARGET = "$(RECOMMENDED_MACOSX_DEPLOYMENT_TARGET)";
				PRODUCT_BUNDLE_IDENTIFIER = tw.bosian.JsonConverterTestUITests;
				PRODUCT_NAME = "$(TARGET_NAME)";
				TEST_TARGET_NAME = JsonConverterTest;
			};
			name = Release;
		};
		96EFCC93200B30E0000FF553 /* Debug */ = {
			isa = XCBuildConfiguration;
			buildSettings = {
				ALWAYS_EMBED_SWIFT_STANDARD_LIBRARIES = YES;
				ASSETCATALOG_COMPILER_APPICON_NAME = AppIcon;
				CLANG_ANALYZER_NUMBER_OBJECT_CONVERSION = YES_AGGRESSIVE;
				CLANG_CXX_LANGUAGE_STANDARD = "gnu++14";
				CLANG_WARN_UNGUARDED_AVAILABILITY = YES_AGGRESSIVE;
				CODE_SIGN_ENTITLEMENTS = macOSJsonConverter/macOSJsonConverter.entitlements;
				CODE_SIGN_IDENTITY = "Mac Developer";
				CODE_SIGN_STYLE = Automatic;
				COMBINE_HIDPI_IMAGES = YES;
				DEAD_CODE_STRIPPING = YES;
				DEVELOPMENT_TEAM = 8W6454B7RN;
				ENABLE_HARDENED_RUNTIME = YES;
				GCC_C_LANGUAGE_STANDARD = gnu11;
				INFOPLIST_FILE = macOSJsonConverter/Info.plist;
				INFOPLIST_KEY_CFBundleDisplayName = JsonConverter;
				INFOPLIST_KEY_LSApplicationCategoryType = "public.app-category.developer-tools";
				LD_RUNPATH_SEARCH_PATHS = (
					"$(inherited)",
					"@executable_path/../Frameworks",
				);
				PRODUCT_BUNDLE_IDENTIFIER = tw.bosian.macOSJsonConverter;
				PRODUCT_NAME = JsonConverter;
				SDKROOT = macosx;
			};
			name = Debug;
		};
		96EFCC94200B30E0000FF553 /* Release */ = {
			isa = XCBuildConfiguration;
			buildSettings = {
				ALWAYS_EMBED_SWIFT_STANDARD_LIBRARIES = YES;
				ASSETCATALOG_COMPILER_APPICON_NAME = AppIcon;
				CLANG_ANALYZER_NUMBER_OBJECT_CONVERSION = YES_AGGRESSIVE;
				CLANG_CXX_LANGUAGE_STANDARD = "gnu++14";
				CLANG_WARN_UNGUARDED_AVAILABILITY = YES_AGGRESSIVE;
				CODE_SIGN_ENTITLEMENTS = macOSJsonConverter/macOSJsonConverter.entitlements;
				CODE_SIGN_IDENTITY = "Mac Developer";
				CODE_SIGN_STYLE = Automatic;
				COMBINE_HIDPI_IMAGES = YES;
				DEAD_CODE_STRIPPING = YES;
				DEVELOPMENT_TEAM = 8W6454B7RN;
				ENABLE_HARDENED_RUNTIME = YES;
				GCC_C_LANGUAGE_STANDARD = gnu11;
				INFOPLIST_FILE = macOSJsonConverter/Info.plist;
				INFOPLIST_KEY_CFBundleDisplayName = JsonConverter;
				INFOPLIST_KEY_LSApplicationCategoryType = "public.app-category.developer-tools";
				LD_RUNPATH_SEARCH_PATHS = (
					"$(inherited)",
					"@executable_path/../Frameworks",
				);
				PRODUCT_BUNDLE_IDENTIFIER = tw.bosian.macOSJsonConverter;
				PRODUCT_NAME = JsonConverter;
				SDKROOT = macosx;
			};
			name = Release;
		};
		96EFCC96200B30E0000FF553 /* Debug */ = {
			isa = XCBuildConfiguration;
			buildSettings = {
				ALWAYS_EMBED_SWIFT_STANDARD_LIBRARIES = YES;
				BUNDLE_LOADER = "$(TEST_HOST)";
				CLANG_ANALYZER_NUMBER_OBJECT_CONVERSION = YES_AGGRESSIVE;
				CLANG_CXX_LANGUAGE_STANDARD = "gnu++14";
				CLANG_WARN_UNGUARDED_AVAILABILITY = YES_AGGRESSIVE;
				CODE_SIGN_IDENTITY = "Mac Developer";
				CODE_SIGN_STYLE = Automatic;
				COMBINE_HIDPI_IMAGES = YES;
				DEAD_CODE_STRIPPING = YES;
				DEVELOPMENT_TEAM = 8W6454B7RN;
				GCC_C_LANGUAGE_STANDARD = gnu11;
				INFOPLIST_FILE = macOSJsonConverterTests/Info.plist;
				LD_RUNPATH_SEARCH_PATHS = (
					"$(inherited)",
					"@executable_path/../Frameworks",
					"@loader_path/../Frameworks",
				);
				PRODUCT_BUNDLE_IDENTIFIER = tw.bosian.macOSJsonConverterTests;
				PRODUCT_NAME = "$(TARGET_NAME)";
				SDKROOT = macosx;
				TEST_HOST = "$(BUILT_PRODUCTS_DIR)/macOSJsonConverter.app/Contents/MacOS/macOSJsonConverter";
			};
			name = Debug;
		};
		96EFCC97200B30E0000FF553 /* Release */ = {
			isa = XCBuildConfiguration;
			buildSettings = {
				ALWAYS_EMBED_SWIFT_STANDARD_LIBRARIES = YES;
				BUNDLE_LOADER = "$(TEST_HOST)";
				CLANG_ANALYZER_NUMBER_OBJECT_CONVERSION = YES_AGGRESSIVE;
				CLANG_CXX_LANGUAGE_STANDARD = "gnu++14";
				CLANG_WARN_UNGUARDED_AVAILABILITY = YES_AGGRESSIVE;
				CODE_SIGN_IDENTITY = "Mac Developer";
				CODE_SIGN_STYLE = Automatic;
				COMBINE_HIDPI_IMAGES = YES;
				DEAD_CODE_STRIPPING = YES;
				DEVELOPMENT_TEAM = 8W6454B7RN;
				GCC_C_LANGUAGE_STANDARD = gnu11;
				INFOPLIST_FILE = macOSJsonConverterTests/Info.plist;
				LD_RUNPATH_SEARCH_PATHS = (
					"$(inherited)",
					"@executable_path/../Frameworks",
					"@loader_path/../Frameworks",
				);
				PRODUCT_BUNDLE_IDENTIFIER = tw.bosian.macOSJsonConverterTests;
				PRODUCT_NAME = "$(TARGET_NAME)";
				SDKROOT = macosx;
				TEST_HOST = "$(BUILT_PRODUCTS_DIR)/macOSJsonConverter.app/Contents/MacOS/macOSJsonConverter";
			};
			name = Release;
		};
		96EFCC99200B30E0000FF553 /* Debug */ = {
			isa = XCBuildConfiguration;
			buildSettings = {
				ALWAYS_EMBED_SWIFT_STANDARD_LIBRARIES = YES;
				CLANG_ANALYZER_NUMBER_OBJECT_CONVERSION = YES_AGGRESSIVE;
				CLANG_CXX_LANGUAGE_STANDARD = "gnu++14";
				CLANG_WARN_UNGUARDED_AVAILABILITY = YES_AGGRESSIVE;
				CODE_SIGN_IDENTITY = "Mac Developer";
				CODE_SIGN_STYLE = Automatic;
				COMBINE_HIDPI_IMAGES = YES;
				DEAD_CODE_STRIPPING = YES;
				DEVELOPMENT_TEAM = 8W6454B7RN;
				GCC_C_LANGUAGE_STANDARD = gnu11;
				INFOPLIST_FILE = macOSJsonConverterUITests/Info.plist;
				LD_RUNPATH_SEARCH_PATHS = (
					"$(inherited)",
					"@executable_path/../Frameworks",
					"@loader_path/../Frameworks",
				);
				PRODUCT_BUNDLE_IDENTIFIER = tw.bosian.macOSJsonConverterUITests;
				PRODUCT_NAME = "$(TARGET_NAME)";
				SDKROOT = macosx;
				TEST_TARGET_NAME = macOSJsonConverter;
			};
			name = Debug;
		};
		96EFCC9A200B30E0000FF553 /* Release */ = {
			isa = XCBuildConfiguration;
			buildSettings = {
				ALWAYS_EMBED_SWIFT_STANDARD_LIBRARIES = YES;
				CLANG_ANALYZER_NUMBER_OBJECT_CONVERSION = YES_AGGRESSIVE;
				CLANG_CXX_LANGUAGE_STANDARD = "gnu++14";
				CLANG_WARN_UNGUARDED_AVAILABILITY = YES_AGGRESSIVE;
				CODE_SIGN_IDENTITY = "Mac Developer";
				CODE_SIGN_STYLE = Automatic;
				COMBINE_HIDPI_IMAGES = YES;
				DEAD_CODE_STRIPPING = YES;
				DEVELOPMENT_TEAM = 8W6454B7RN;
				GCC_C_LANGUAGE_STANDARD = gnu11;
				INFOPLIST_FILE = macOSJsonConverterUITests/Info.plist;
				LD_RUNPATH_SEARCH_PATHS = (
					"$(inherited)",
					"@executable_path/../Frameworks",
					"@loader_path/../Frameworks",
				);
				PRODUCT_BUNDLE_IDENTIFIER = tw.bosian.macOSJsonConverterUITests;
				PRODUCT_NAME = "$(TARGET_NAME)";
				SDKROOT = macosx;
				TEST_TARGET_NAME = macOSJsonConverter;
			};
			name = Release;
		};
		96EFCCAC200B30FF000FF553 /* Debug */ = {
			isa = XCBuildConfiguration;
			buildSettings = {
				CLANG_ANALYZER_NUMBER_OBJECT_CONVERSION = YES_AGGRESSIVE;
				CLANG_CXX_LANGUAGE_STANDARD = "gnu++14";
				CLANG_WARN_UNGUARDED_AVAILABILITY = YES_AGGRESSIVE;
				CODE_SIGN_ENTITLEMENTS = JsonConverterExtesnion/JsonConverterExtesnion.entitlements;
				CODE_SIGN_IDENTITY = "Mac Developer";
				CODE_SIGN_STYLE = Automatic;
				COMBINE_HIDPI_IMAGES = YES;
				DEAD_CODE_STRIPPING = YES;
				DEVELOPMENT_TEAM = 8W6454B7RN;
				ENABLE_HARDENED_RUNTIME = YES;
				GCC_C_LANGUAGE_STANDARD = gnu11;
				INFOPLIST_FILE = JsonConverterExtesnion/Info.plist;
				LD_RUNPATH_SEARCH_PATHS = (
					"$(inherited)",
					"@executable_path/../Frameworks",
					"@executable_path/../../../../Frameworks",
				);
				PRODUCT_BUNDLE_IDENTIFIER = tw.bosian.macOSJsonConverter.JsonConverterExtesnion;
				PRODUCT_NAME = "$(TARGET_NAME)";
				PROVISIONING_PROFILE_SPECIFIER = "";
				SDKROOT = macosx;
				SKIP_INSTALL = YES;
			};
			name = Debug;
		};
		96EFCCAD200B30FF000FF553 /* Release */ = {
			isa = XCBuildConfiguration;
			buildSettings = {
				CLANG_ANALYZER_NUMBER_OBJECT_CONVERSION = YES_AGGRESSIVE;
				CLANG_CXX_LANGUAGE_STANDARD = "gnu++14";
				CLANG_WARN_UNGUARDED_AVAILABILITY = YES_AGGRESSIVE;
				CODE_SIGN_ENTITLEMENTS = JsonConverterExtesnion/JsonConverterExtesnion.entitlements;
				CODE_SIGN_IDENTITY = "Mac Developer";
				CODE_SIGN_STYLE = Automatic;
				COMBINE_HIDPI_IMAGES = YES;
				DEAD_CODE_STRIPPING = YES;
				DEVELOPMENT_TEAM = 8W6454B7RN;
				ENABLE_HARDENED_RUNTIME = YES;
				GCC_C_LANGUAGE_STANDARD = gnu11;
				INFOPLIST_FILE = JsonConverterExtesnion/Info.plist;
				LD_RUNPATH_SEARCH_PATHS = (
					"$(inherited)",
					"@executable_path/../Frameworks",
					"@executable_path/../../../../Frameworks",
				);
				PRODUCT_BUNDLE_IDENTIFIER = tw.bosian.macOSJsonConverter.JsonConverterExtesnion;
				PRODUCT_NAME = "$(TARGET_NAME)";
				PROVISIONING_PROFILE_SPECIFIER = "";
				SDKROOT = macosx;
				SKIP_INSTALL = YES;
			};
			name = Release;
		};
/* End XCBuildConfiguration section */

/* Begin XCConfigurationList section */
		96326DFD1DC8684700C7D900 /* Build configuration list for PBXProject "JsonConverterTest" */ = {
			isa = XCConfigurationList;
			buildConfigurations = (
				96326E281DC8684700C7D900 /* Debug */,
				96326E291DC8684700C7D900 /* Release */,
			);
			defaultConfigurationIsVisible = 0;
			defaultConfigurationName = Release;
		};
		96326E2A1DC8684700C7D900 /* Build configuration list for PBXNativeTarget "JsonConverterTest" */ = {
			isa = XCConfigurationList;
			buildConfigurations = (
				96326E2B1DC8684700C7D900 /* Debug */,
				96326E2C1DC8684700C7D900 /* Release */,
			);
			defaultConfigurationIsVisible = 0;
			defaultConfigurationName = Release;
		};
		96326E2D1DC8684700C7D900 /* Build configuration list for PBXNativeTarget "JsonConverterTestTests" */ = {
			isa = XCConfigurationList;
			buildConfigurations = (
				96326E2E1DC8684700C7D900 /* Debug */,
				96326E2F1DC8684700C7D900 /* Release */,
			);
			defaultConfigurationIsVisible = 0;
			defaultConfigurationName = Release;
		};
		96326E301DC8684700C7D900 /* Build configuration list for PBXNativeTarget "JsonConverterTestUITests" */ = {
			isa = XCConfigurationList;
			buildConfigurations = (
				96326E311DC8684700C7D900 /* Debug */,
				96326E321DC8684700C7D900 /* Release */,
			);
			defaultConfigurationIsVisible = 0;
			defaultConfigurationName = Release;
		};
		96EFCC92200B30E0000FF553 /* Build configuration list for PBXNativeTarget "macOSJsonConverter" */ = {
			isa = XCConfigurationList;
			buildConfigurations = (
				96EFCC93200B30E0000FF553 /* Debug */,
				96EFCC94200B30E0000FF553 /* Release */,
			);
			defaultConfigurationIsVisible = 0;
			defaultConfigurationName = Release;
		};
		96EFCC95200B30E0000FF553 /* Build configuration list for PBXNativeTarget "macOSJsonConverterTests" */ = {
			isa = XCConfigurationList;
			buildConfigurations = (
				96EFCC96200B30E0000FF553 /* Debug */,
				96EFCC97200B30E0000FF553 /* Release */,
			);
			defaultConfigurationIsVisible = 0;
			defaultConfigurationName = Release;
		};
		96EFCC98200B30E0000FF553 /* Build configuration list for PBXNativeTarget "macOSJsonConverterUITests" */ = {
			isa = XCConfigurationList;
			buildConfigurations = (
				96EFCC99200B30E0000FF553 /* Debug */,
				96EFCC9A200B30E0000FF553 /* Release */,
			);
			defaultConfigurationIsVisible = 0;
			defaultConfigurationName = Release;
		};
		96EFCCAB200B30FF000FF553 /* Build configuration list for PBXNativeTarget "JsonConverterExtesnion" */ = {
			isa = XCConfigurationList;
			buildConfigurations = (
				96EFCCAC200B30FF000FF553 /* Debug */,
				96EFCCAD200B30FF000FF553 /* Release */,
			);
			defaultConfigurationIsVisible = 0;
			defaultConfigurationName = Release;
		};
/* End XCConfigurationList section */
	};
	rootObject = 96326DFA1DC8684700C7D900 /* Project object */;
}
